
Microsoft Visual Studio Solution File, Format Version 12.00
# Visual Studio Version 17
VisualStudioVersion = 17.8.34330.188
MinimumVisualStudioVersion = 10.0.40219.1
Project("{FAE04EC0-301F-11D3-BF4B-00C04F79EFBC}") = "stringVjezbaJedan", "stringVjezbaJedan\stringVjezbaJedan.csproj", "{2720BECA-A690-443C-B56F-2A3F2D177CBB}"
EndProject
Global
	GlobalSection(SolutionConfigurationPlatforms) = preSolution
		Debug|Any CPU = Debug|Any CPU
		Release|Any CPU = Release|Any CPU
	EndGlobalSection
	GlobalSection(ProjectConfigurationPlatforms) = postSolution
		{2720BECA-A690-443C-B56F-2A3F2D177CBB}.Debug|Any CPU.ActiveCfg = Debug|Any CPU
		{2720BECA-A690-443C-B56F-2A3F2D177CBB}.Debug|Any CPU.Build.0 = Debug|Any CPU
		{2720BECA-A690-443C-B56F-2A3F2D177CBB}.Release|Any CPU.ActiveCfg = Release|Any CPU
		{2720BECA-A690-443C-B56F-2A3F2D177CBB}.Release|Any CPU.Build.0 = Release|Any CPU
	EndGlobalSection
	GlobalSection(SolutionProperties) = preSolution
		HideSolutionNode = FALSE
	EndGlobalSection
	GlobalSection(ExtensibilityGlobals) = postSolution
		SolutionGuid = {C4B5DA91-E3E9-4F16-AAD6-5E5574B89230}
	EndGlobalSection
EndGlobal
